
Microsoft Visual Studio Solution File, Format Version 12.00
Project("{FAE04EC0-301F-11D3-BF4B-00C04F79EFBC}") = "libE621", "libE621\libE621.csproj", "{E908FF3B-8448-45F8-86EB-781BEF4B15CA}"
EndProject
Project("{FAE04EC0-301F-11D3-BF4B-00C04F79EFBC}") = "Example", "Example\Example.csproj", "{C3D8B1A7-5B66-4A89-875F-90285AB2D7DE}"
EndProject
Global
	GlobalSection(SolutionConfigurationPlatforms) = preSolution
		Debug|Any CPU = Debug|Any CPU
		Release|Any CPU = Release|Any CPU
	EndGlobalSection
	GlobalSection(ProjectConfigurationPlatforms) = postSolution
		{E908FF3B-8448-45F8-86EB-781BEF4B15CA}.Debug|Any CPU.ActiveCfg = Debug|Any CPU
		{E908FF3B-8448-45F8-86EB-781BEF4B15CA}.Debug|Any CPU.Build.0 = Debug|Any CPU
		{E908FF3B-8448-45F8-86EB-781BEF4B15CA}.Release|Any CPU.ActiveCfg = Release|Any CPU
		{E908FF3B-8448-45F8-86EB-781BEF4B15CA}.Release|Any CPU.Build.0 = Release|Any CPU
		{C3D8B1A7-5B66-4A89-875F-90285AB2D7DE}.Debug|Any CPU.ActiveCfg = Debug|Any CPU
		{C3D8B1A7-5B66-4A89-875F-90285AB2D7DE}.Debug|Any CPU.Build.0 = Debug|Any CPU
		{C3D8B1A7-5B66-4A89-875F-90285AB2D7DE}.Release|Any CPU.ActiveCfg = Release|Any CPU
		{C3D8B1A7-5B66-4A89-875F-90285AB2D7DE}.Release|Any CPU.Build.0 = Release|Any CPU
	EndGlobalSection
EndGlobal
